# This file is autogenerated, do not edit; changes may be undone by the next 'dep ensure'.


[[projects]]
  name = "github.com/golang/protobuf"
  packages = ["proto"]
  revision = "b4deda0973fb4c70b50d226b1af49f3da59f5265"
  version = "v1.1.0"

[[projects]]
  name = "github.com/qedus/osmpbf"
  packages = [
    ".",
    "OSMPBF"
  ]
  revision = "633926950086ad83f5b3cc0f8e3e69c72afd57c2"
  version = "v1.1.0"

[solve-meta]
  analyzer-name = "dep"
  analyzer-version = 1
  inputs-digest = "1acb0bf7e9095385ee46730bac908c22e19d5649fa511fcbf1b3a7edf4b7f601"
  solver-name = "gps-cdcl"
  solver-version = 1
